
Microsoft Visual Studio Solution File, Format Version 12.00
Project("{FAE04EC0-301F-11D3-BF4B-00C04F79EFBC}") = "ArticleAggregator.Api", "ArticleAggregator.Api\ArticleAggregator.Api.csproj", "{69D0E3A8-5848-4644-8D85-1049865D4766}"
EndProject
Project("{2150E333-8FDC-42A3-9474-1A3956D46DE8}") = "Solution Items", "Solution Items", "{DBED1BB4-8732-48AC-A7AE-45A6A24DEE55}"
	ProjectSection(SolutionItems) = preProject
		docker-compose.yml = docker-compose.yml
	EndProjectSection
EndProject
Project("{FAE04EC0-301F-11D3-BF4B-00C04F79EFBC}") = "ArticleAggregator.UnitTests", "ArticleAggregator.UnitTests\ArticleAggregator.UnitTests.csproj", "{F3A121A2-569C-4A8E-B778-84DFE0714CA1}"
EndProject
Project("{FAE04EC0-301F-11D3-BF4B-00C04F79EFBC}") = "ArticleAggregator.Settings", "ArticleAggregator.Settings\ArticleAggregator.Settings.csproj", "{A81CF820-7407-4041-A460-FCB5CBBAB5B5}"
EndProject
Project("{FAE04EC0-301F-11D3-BF4B-00C04F79EFBC}") = "ArticleAggregator.DbMigrations", "ArticleAggregator.DbMigrations\ArticleAggregator.DbMigrations.csproj", "{5AD415C6-BDFA-4451-A5A4-8AE900FD94AF}"
EndProject
Project("{FAE04EC0-301F-11D3-BF4B-00C04F79EFBC}") = "Common.BaseTypeExtensions", "Common.BaseTypeExtensions\Common.BaseTypeExtensions.csproj", "{655A4809-CC0A-445B-8078-63E983BDECE7}"
EndProject
Project("{FAE04EC0-301F-11D3-BF4B-00C04F79EFBC}") = "ArticleAggregator.DataIngest", "ArticleAggregator.DataIngest\ArticleAggregator.DataIngest.csproj", "{8B5820A2-B8B5-4F52-9961-0E381C633E65}"
EndProject
Project("{FAE04EC0-301F-11D3-BF4B-00C04F79EFBC}") = "Common.WebParsingUtils", "Common.WebParsingUtils\Common.WebParsingUtils.csproj", "{B197B626-8619-444D-8579-FC62D59C2A76}"
EndProject
Project("{FAE04EC0-301F-11D3-BF4B-00C04F79EFBC}") = "ArticleAggregator.Core", "ArticleAggregator.Core\ArticleAggregator.Core.csproj", "{8471AAA0-4254-4288-A9C3-A8614C44B932}"
EndProject
Project("{FAE04EC0-301F-11D3-BF4B-00C04F79EFBC}") = "Common.Data.SqlClient", "Common.Data.SqlClient\Common.Data.SqlClient.csproj", "{749CBDDA-02E4-4A2A-9FA1-439E7A742BA1}"
EndProject
Project("{FAE04EC0-301F-11D3-BF4B-00C04F79EFBC}") = "ArticleAggregator.Schema", "ArticleAggregator.Schema\ArticleAggregator.Schema.csproj", "{4FF157B5-1A50-436E-9A2E-C4C20C0BF9B6}"
EndProject
Project("{FAE04EC0-301F-11D3-BF4B-00C04F79EFBC}") = "ArticleAggregator.Constants", "ArticleAggregator.Constants\ArticleAggregator.Constants.csproj", "{7B77CC85-5589-4087-9AA6-7F3BA808E8C8}"
EndProject
Project("{FAE04EC0-301F-11D3-BF4B-00C04F79EFBC}") = "Common.Data.Dapper.Utils", "Common.Data.Dapper.Utils\Common.Data.Dapper.Utils.csproj", "{DE70D959-510B-4403-A3C7-D009F8587038}"
EndProject
Global
	GlobalSection(SolutionConfigurationPlatforms) = preSolution
		Debug|Any CPU = Debug|Any CPU
		Release|Any CPU = Release|Any CPU
	EndGlobalSection
	GlobalSection(ProjectConfigurationPlatforms) = postSolution
		{69D0E3A8-5848-4644-8D85-1049865D4766}.Debug|Any CPU.ActiveCfg = Debug|Any CPU
		{69D0E3A8-5848-4644-8D85-1049865D4766}.Debug|Any CPU.Build.0 = Debug|Any CPU
		{69D0E3A8-5848-4644-8D85-1049865D4766}.Release|Any CPU.ActiveCfg = Release|Any CPU
		{69D0E3A8-5848-4644-8D85-1049865D4766}.Release|Any CPU.Build.0 = Release|Any CPU
		{F3A121A2-569C-4A8E-B778-84DFE0714CA1}.Debug|Any CPU.ActiveCfg = Debug|Any CPU
		{F3A121A2-569C-4A8E-B778-84DFE0714CA1}.Debug|Any CPU.Build.0 = Debug|Any CPU
		{F3A121A2-569C-4A8E-B778-84DFE0714CA1}.Release|Any CPU.ActiveCfg = Release|Any CPU
		{F3A121A2-569C-4A8E-B778-84DFE0714CA1}.Release|Any CPU.Build.0 = Release|Any CPU
		{A81CF820-7407-4041-A460-FCB5CBBAB5B5}.Debug|Any CPU.ActiveCfg = Debug|Any CPU
		{A81CF820-7407-4041-A460-FCB5CBBAB5B5}.Debug|Any CPU.Build.0 = Debug|Any CPU
		{A81CF820-7407-4041-A460-FCB5CBBAB5B5}.Release|Any CPU.ActiveCfg = Release|Any CPU
		{A81CF820-7407-4041-A460-FCB5CBBAB5B5}.Release|Any CPU.Build.0 = Release|Any CPU
		{5AD415C6-BDFA-4451-A5A4-8AE900FD94AF}.Debug|Any CPU.ActiveCfg = Debug|Any CPU
		{5AD415C6-BDFA-4451-A5A4-8AE900FD94AF}.Debug|Any CPU.Build.0 = Debug|Any CPU
		{5AD415C6-BDFA-4451-A5A4-8AE900FD94AF}.Release|Any CPU.ActiveCfg = Release|Any CPU
		{5AD415C6-BDFA-4451-A5A4-8AE900FD94AF}.Release|Any CPU.Build.0 = Release|Any CPU
		{655A4809-CC0A-445B-8078-63E983BDECE7}.Debug|Any CPU.ActiveCfg = Debug|Any CPU
		{655A4809-CC0A-445B-8078-63E983BDECE7}.Debug|Any CPU.Build.0 = Debug|Any CPU
		{655A4809-CC0A-445B-8078-63E983BDECE7}.Release|Any CPU.ActiveCfg = Release|Any CPU
		{655A4809-CC0A-445B-8078-63E983BDECE7}.Release|Any CPU.Build.0 = Release|Any CPU
		{8B5820A2-B8B5-4F52-9961-0E381C633E65}.Debug|Any CPU.ActiveCfg = Debug|Any CPU
		{8B5820A2-B8B5-4F52-9961-0E381C633E65}.Debug|Any CPU.Build.0 = Debug|Any CPU
		{8B5820A2-B8B5-4F52-9961-0E381C633E65}.Release|Any CPU.ActiveCfg = Release|Any CPU
		{8B5820A2-B8B5-4F52-9961-0E381C633E65}.Release|Any CPU.Build.0 = Release|Any CPU
		{B197B626-8619-444D-8579-FC62D59C2A76}.Debug|Any CPU.ActiveCfg = Debug|Any CPU
		{B197B626-8619-444D-8579-FC62D59C2A76}.Debug|Any CPU.Build.0 = Debug|Any CPU
		{B197B626-8619-444D-8579-FC62D59C2A76}.Release|Any CPU.ActiveCfg = Release|Any CPU
		{B197B626-8619-444D-8579-FC62D59C2A76}.Release|Any CPU.Build.0 = Release|Any CPU
		{8471AAA0-4254-4288-A9C3-A8614C44B932}.Debug|Any CPU.ActiveCfg = Debug|Any CPU
		{8471AAA0-4254-4288-A9C3-A8614C44B932}.Debug|Any CPU.Build.0 = Debug|Any CPU
		{8471AAA0-4254-4288-A9C3-A8614C44B932}.Release|Any CPU.ActiveCfg = Release|Any CPU
		{8471AAA0-4254-4288-A9C3-A8614C44B932}.Release|Any CPU.Build.0 = Release|Any CPU
		{749CBDDA-02E4-4A2A-9FA1-439E7A742BA1}.Debug|Any CPU.ActiveCfg = Debug|Any CPU
		{749CBDDA-02E4-4A2A-9FA1-439E7A742BA1}.Debug|Any CPU.Build.0 = Debug|Any CPU
		{749CBDDA-02E4-4A2A-9FA1-439E7A742BA1}.Release|Any CPU.ActiveCfg = Release|Any CPU
		{749CBDDA-02E4-4A2A-9FA1-439E7A742BA1}.Release|Any CPU.Build.0 = Release|Any CPU
		{4FF157B5-1A50-436E-9A2E-C4C20C0BF9B6}.Debug|Any CPU.ActiveCfg = Debug|Any CPU
		{4FF157B5-1A50-436E-9A2E-C4C20C0BF9B6}.Debug|Any CPU.Build.0 = Debug|Any CPU
		{4FF157B5-1A50-436E-9A2E-C4C20C0BF9B6}.Release|Any CPU.ActiveCfg = Release|Any CPU
		{4FF157B5-1A50-436E-9A2E-C4C20C0BF9B6}.Release|Any CPU.Build.0 = Release|Any CPU
		{7B77CC85-5589-4087-9AA6-7F3BA808E8C8}.Debug|Any CPU.ActiveCfg = Debug|Any CPU
		{7B77CC85-5589-4087-9AA6-7F3BA808E8C8}.Debug|Any CPU.Build.0 = Debug|Any CPU
		{7B77CC85-5589-4087-9AA6-7F3BA808E8C8}.Release|Any CPU.ActiveCfg = Release|Any CPU
		{7B77CC85-5589-4087-9AA6-7F3BA808E8C8}.Release|Any CPU.Build.0 = Release|Any CPU
		{DE70D959-510B-4403-A3C7-D009F8587038}.Debug|Any CPU.ActiveCfg = Debug|Any CPU
		{DE70D959-510B-4403-A3C7-D009F8587038}.Debug|Any CPU.Build.0 = Debug|Any CPU
		{DE70D959-510B-4403-A3C7-D009F8587038}.Release|Any CPU.ActiveCfg = Release|Any CPU
		{DE70D959-510B-4403-A3C7-D009F8587038}.Release|Any CPU.Build.0 = Release|Any CPU
	EndGlobalSection
EndGlobal
